
Microsoft Visual Studio Solution File, Format Version 12.00
# Visual Studio Version 16
VisualStudioVersion = 16.0.31005.135
MinimumVisualStudioVersion = 10.0.40219.1
Project("{9A19103F-16F7-4668-BE54-9A1E7A4F7556}") = "CmdungeonsLib", "CmdungeonsLib\CmdungeonsLib.csproj", "{4673AE6B-B662-4414-ACF7-204BD9BB7DE1}"
EndProject
Project("{9A19103F-16F7-4668-BE54-9A1E7A4F7556}") = "CommandClassLib", "CommandClassLib\CommandClassLib.csproj", "{DC4C9566-F7F7-44F6-B605-7313735F7736}"
EndProject
Project("{9A19103F-16F7-4668-BE54-9A1E7A4F7556}") = "CommanDungeons", "CommanDungeons\CommanDungeons.csproj", "{5F61B975-469F-40D0-A255-C9C649A01D66}"
EndProject
Project("{9A19103F-16F7-4668-BE54-9A1E7A4F7556}") = "SquidCsharp", "SquidCsharp\SquidCsharp.csproj", "{C39547F6-332E-45B2-9E65-19D90BE5167D}"
EndProject
Global
	GlobalSection(SolutionConfigurationPlatforms) = preSolution
		Debug|Any CPU = Debug|Any CPU
		Release|Any CPU = Release|Any CPU
	EndGlobalSection
	GlobalSection(ProjectConfigurationPlatforms) = postSolution
		{4673AE6B-B662-4414-ACF7-204BD9BB7DE1}.Debug|Any CPU.ActiveCfg = Debug|Any CPU
		{4673AE6B-B662-4414-ACF7-204BD9BB7DE1}.Debug|Any CPU.Build.0 = Debug|Any CPU
		{4673AE6B-B662-4414-ACF7-204BD9BB7DE1}.Release|Any CPU.ActiveCfg = Release|Any CPU
		{4673AE6B-B662-4414-ACF7-204BD9BB7DE1}.Release|Any CPU.Build.0 = Release|Any CPU
		{DC4C9566-F7F7-44F6-B605-7313735F7736}.Debug|Any CPU.ActiveCfg = Debug|Any CPU
		{DC4C9566-F7F7-44F6-B605-7313735F7736}.Debug|Any CPU.Build.0 = Debug|Any CPU
		{DC4C9566-F7F7-44F6-B605-7313735F7736}.Release|Any CPU.ActiveCfg = Release|Any CPU
		{DC4C9566-F7F7-44F6-B605-7313735F7736}.Release|Any CPU.Build.0 = Release|Any CPU
		{5F61B975-469F-40D0-A255-C9C649A01D66}.Debug|Any CPU.ActiveCfg = Debug|Any CPU
		{5F61B975-469F-40D0-A255-C9C649A01D66}.Debug|Any CPU.Build.0 = Debug|Any CPU
		{5F61B975-469F-40D0-A255-C9C649A01D66}.Release|Any CPU.ActiveCfg = Release|Any CPU
		{5F61B975-469F-40D0-A255-C9C649A01D66}.Release|Any CPU.Build.0 = Release|Any CPU
		{C39547F6-332E-45B2-9E65-19D90BE5167D}.Debug|Any CPU.ActiveCfg = Debug|Any CPU
		{C39547F6-332E-45B2-9E65-19D90BE5167D}.Debug|Any CPU.Build.0 = Debug|Any CPU
		{C39547F6-332E-45B2-9E65-19D90BE5167D}.Release|Any CPU.ActiveCfg = Release|Any CPU
		{C39547F6-332E-45B2-9E65-19D90BE5167D}.Release|Any CPU.Build.0 = Release|Any CPU
	EndGlobalSection
	GlobalSection(SolutionProperties) = preSolution
		HideSolutionNode = FALSE
	EndGlobalSection
	GlobalSection(ExtensibilityGlobals) = postSolution
		SolutionGuid = {2C6061F5-672F-438F-B6F9-E91BF4B00AEF}
	EndGlobalSection
EndGlobal
